{"filter":false,"title":"Gemfile.lock","tooltip":"/Gemfile.lock","undoManager":{"mark":-1,"position":-1,"stack":[]},"ace":{"folds":[],"scrolltop":2840.5,"scrollleft":0,"selection":{"start":{"row":204,"column":6},"end":{"row":204,"column":10},"isBackwards":false},"options":{"guessTabSize":true,"useWrapMode":false,"wrapToView":true},"firstLineState":{"row":188,"state":"start","mode":"ace/mode/text"}},"timestamp":1542819534414,"hash":"58c36ebaed72ba08ee93578f185ea91078b1c987"}